# This file is generated by running "yarn install" inside your project.
# Manual changes might be lost - proceed with caution!

__metadata:
  version: 6
  cacheKey: 8

"@babel/code-frame@npm:^7.28.6, @babel/code-frame@npm:^7.29.0":
  version: 7.29.0
  resolution: "@babel/code-frame@npm:7.29.0"
  dependencies:
    "@babel/helper-validator-identifier": ^7.28.5
    js-tokens: ^4.0.0
    picocolors: ^1.1.1
  checksum: 39f5b303757e4d63bbff8133e251094cd4f952b46e3fa9febc7368d907583911d6a1eded6090876dc1feeff5cf6e134fb19b706f8d58d26c5402cd50e5e1aeb2
  languageName: node
  linkType: hard

"@babel/compat-data@npm:^7.28.6":
  version: 7.29.0
  resolution: "@babel/compat-data@npm:7.29.0"
  checksum: ad19db279dfd06cbe91b505d03be00d603c6d3fcc141cfc14f4ace5c558193e9b6aae4788cb01fd209c4c850e52d73c8f3c247680e3c0d84fa17ab8b3d50c808
  languageName: node
  linkType: hard

"@babel/core@npm:^7.28.0":
  version: 7.29.0
  resolution: "@babel/core@npm:7.29.0"
  dependencies:
    "@babel/code-frame": ^7.29.0
    "@babel/generator": ^7.29.0
    "@babel/helper-compilation-targets": ^7.28.6
    "@babel/helper-module-transforms": ^7.28.6
    "@babel/helpers": ^7.28.6
    "@babel/parser": ^7.29.0
    "@babel/template": ^7.28.6
    "@babel/traverse": ^7.29.0
    "@babel/types": ^7.29.0
    "@jridgewell/remapping": ^2.3.5
    convert-source-map: ^2.0.0
    debug: ^4.1.0
    gensync: ^1.0.0-beta.2
    json5: ^2.2.3
    semver: ^6.3.1
  checksum: 85e1df6e213382c46dee27bcd07ed9202fa108a85bb74eb37be656308fd949349171ad2aa17cc84cf0720c908dc9ea6309d25e64d2a7fcdaa63721ce0c67c10b
  languageName: node
  linkType: hard

"@babel/generator@npm:^7.29.0":
  version: 7.29.1
  resolution: "@babel/generator@npm:7.29.1"
  dependencies:
    "@babel/parser": ^7.29.0
    "@babel/types": ^7.29.0
    "@jridgewell/gen-mapping": ^0.3.12
    "@jridgewell/trace-mapping": ^0.3.28
    jsesc: ^3.0.2
  checksum: d8e6863b2d04f684e65ad72731049ac7d754d3a3d1a67cdfc20807b109ba3180ed90d7ccef58ce5d38ded2eaeb71983a76c711eecb9b6266118262378f6c7226
  languageName: node
  linkType: hard

"@babel/helper-compilation-targets@npm:^7.28.6":
  version: 7.28.6
  resolution: "@babel/helper-compilation-targets@npm:7.28.6"
  dependencies:
    "@babel/compat-data": ^7.28.6
    "@babel/helper-validator-option": ^7.27.1
    browserslist: ^4.24.0
    lru-cache: ^5.1.1
    semver: ^6.3.1
  checksum: 8151e36b74eb1c5e414fe945c189436421f7bfa011884de5be3dd7fd77f12f1f733ff7c982581dfa0a49d8af724450243c2409427114b4a6cfeb8333259d001c
  languageName: node
  linkType: hard

"@babel/helper-globals@npm:^7.28.0":
  version: 7.28.0
  resolution: "@babel/helper-globals@npm:7.28.0"
  checksum: d8d7b91c12dad1ee747968af0cb73baf91053b2bcf78634da2c2c4991fb45ede9bd0c8f9b5f3254881242bc0921218fcb7c28ae885477c25177147e978ce4397
  languageName: node
  linkType: hard

"@babel/helper-module-imports@npm:^7.28.6":
  version: 7.28.6
  resolution: "@babel/helper-module-imports@npm:7.28.6"
  dependencies:
    "@babel/traverse": ^7.28.6
    "@babel/types": ^7.28.6
  checksum: 437513aa029898b588a38f7991d7656c539b22f595207d85d0c407240c9e3f2aff8b9d0d7115fdedc91e7fdce4465100549a052024e2fba6a810bcbb7584296b
  languageName: node
  linkType: hard

"@babel/helper-module-transforms@npm:^7.28.6":
  version: 7.28.6
  resolution: "@babel/helper-module-transforms@npm:7.28.6"
  dependencies:
    "@babel/helper-module-imports": ^7.28.6
    "@babel/helper-validator-identifier": ^7.28.5
    "@babel/traverse": ^7.28.6
  peerDependencies:
    "@babel/core": ^7.0.0
  checksum: 522f7d1d08b5e2ccd4ec912aca879bd1506af78d1fb30f46e3e6b4bb69c6ae6ab4e379a879723844230d27dc6d04a55b03f5215cd3141b7a2b40bb4a02f71a9f
  languageName: node
  linkType: hard

"@babel/helper-plugin-utils@npm:^7.27.1":
  version: 7.28.6
  resolution: "@babel/helper-plugin-utils@npm:7.28.6"
  checksum: a0b4caab5e2180b215faa4d141ceac9e82fad9d446b8023eaeb8d82a6e62024726675b07fe8e616dd12f34e2bb59747e8d57aa8adab3e0717d1b8d691b118379
  languageName: node
  linkType: hard

"@babel/helper-string-parser@npm:^7.27.1":
  version: 7.27.1
  resolution: "@babel/helper-string-parser@npm:7.27.1"
  checksum: 0a8464adc4b39b138aedcb443b09f4005d86207d7126e5e079177e05c3116107d856ec08282b365e9a79a9872f40f4092a6127f8d74c8a01c1ef789dacfc25d6
  languageName: node
  linkType: hard

"@babel/helper-validator-identifier@npm:^7.28.5":
  version: 7.28.5
  resolution: "@babel/helper-validator-identifier@npm:7.28.5"
  checksum: 5a251a6848e9712aea0338f659a1a3bd334d26219d5511164544ca8ec20774f098c3a6661e9da65a0d085c745c00bb62c8fada38a62f08fa1f8053bc0aeb57e4
  languageName: node
  linkType: hard

"@babel/helper-validator-option@npm:^7.27.1":
  version: 7.27.1
  resolution: "@babel/helper-validator-option@npm:7.27.1"
  checksum: db73e6a308092531c629ee5de7f0d04390835b21a263be2644276cb27da2384b64676cab9f22cd8d8dbd854c92b1d7d56fc8517cf0070c35d1c14a8c828b0903
  languageName: node
  linkType: hard

"@babel/helpers@npm:^7.28.6":
  version: 7.29.2
  resolution: "@babel/helpers@npm:7.29.2"
  dependencies:
    "@babel/template": ^7.28.6
    "@babel/types": ^7.29.0
  checksum: 2c8ce711a639ef334539d3bd48977f57493f71af99e13d3f685fe47b3bc32aa83dbc1380688e19d5df924d958f8f29072f3dcff8110257ba6399524907287189
  languageName: node
  linkType: hard

"@babel/parser@npm:^7.1.0, @babel/parser@npm:^7.20.7, @babel/parser@npm:^7.28.6, @babel/parser@npm:^7.29.0":
  version: 7.29.2
  resolution: "@babel/parser@npm:7.29.2"
  dependencies:
    "@babel/types": ^7.29.0
  bin:
    parser: ./bin/babel-parser.js
  checksum: 25249623ffceb61beda0ba67776cf3957ffd49bef3005ccb81da3049db52115c91ad97c97da661b714f92d062e052d07bd2ba6cba6b5460f168ff38dabaf4d6d
  languageName: node
  linkType: hard

"@babel/plugin-transform-react-jsx-self@npm:^7.27.1":
  version: 7.27.1
  resolution: "@babel/plugin-transform-react-jsx-self@npm:7.27.1"
  dependencies:
    "@babel/helper-plugin-utils": ^7.27.1
  peerDependencies:
    "@babel/core": ^7.0.0-0
  checksum: 72cbae66a58c6c36f7e12e8ed79f292192d858dd4bb00e9e89d8b695e4c5cb6ef48eec84bffff421a5db93fd10412c581f1cccdb00264065df76f121995bdb68
  languageName: node
  linkType: hard

"@babel/plugin-transform-react-jsx-source@npm:^7.27.1":
  version: 7.27.1
  resolution: "@babel/plugin-transform-react-jsx-source@npm:7.27.1"
  dependencies:
    "@babel/helper-plugin-utils": ^7.27.1
  peerDependencies:
    "@babel/core": ^7.0.0-0
  checksum: e2843362adb53692be5ee9fa07a386d2d8883daad2063a3575b3c373fc14cdf4ea7978c67a183cb631b4c9c8d77b2f48c24c088f8e65cc3600cb8e97d72a7161
  languageName: node
  linkType: hard

"@babel/template@npm:^7.28.6":
  version: 7.28.6
  resolution: "@babel/template@npm:7.28.6"
  dependencies:
    "@babel/code-frame": ^7.28.6
    "@babel/parser": ^7.28.6
    "@babel/types": ^7.28.6
  checksum: 8ab6383053e226025d9491a6e795293f2140482d14f60c1244bece6bf53610ed1e251d5e164de66adab765629881c7d9416e1e540c716541d2fd0f8f36a013d7
  languageName: node
  linkType: hard

"@babel/traverse@npm:^7.28.6, @babel/traverse@npm:^7.29.0":
  version: 7.29.0
  resolution: "@babel/traverse@npm:7.29.0"
  dependencies:
    "@babel/code-frame": ^7.29.0
    "@babel/generator": ^7.29.0
    "@babel/helper-globals": ^7.28.0
    "@babel/parser": ^7.29.0
    "@babel/template": ^7.28.6
    "@babel/types": ^7.29.0
    debug: ^4.3.1
  checksum: fbb5085aa525b5d4ecd9fe2f5885d88413fff6ad9c0fac244c37f96069b6d3af9ce825750cd16af1d97d26fa3d354b38dbbdb5f31430e0d99ed89660ab65430e
  languageName: node
  linkType: hard

"@babel/types@npm:^7.0.0, @babel/types@npm:^7.20.7, @babel/types@npm:^7.28.2, @babel/types@npm:^7.28.6, @babel/types@npm:^7.29.0":
  version: 7.29.0
  resolution: "@babel/types@npm:7.29.0"
  dependencies:
    "@babel/helper-string-parser": ^7.27.1
    "@babel/helper-validator-identifier": ^7.28.5
  checksum: 83f190438e94c22b2574aaeef7501830311ef266eaabfb06523409f64e2fe855e522951607085d71cad286719adef14e1ba37b671f334a7cd25b0f8506a01e0b
  languageName: node
  linkType: hard

"@esbuild/aix-ppc64@npm:0.21.5":
  version: 0.21.5
  resolution: "@esbuild/aix-ppc64@npm:0.21.5"
  conditions: os=aix & cpu=ppc64
  languageName: node
  linkType: hard

"@esbuild/android-arm64@npm:0.21.5":
  version: 0.21.5
  resolution: "@esbuild/android-arm64@npm:0.21.5"
  conditions: os=android & cpu=arm64
  languageName: node
  linkType: hard

"@esbuild/android-arm@npm:0.21.5":
  version: 0.21.5
  resolution: "@esbuild/android-arm@npm:0.21.5"
  conditions: os=android & cpu=arm
  languageName: node
  linkType: hard

"@esbuild/android-x64@npm:0.21.5":
  version: 0.21.5
  resolution: "@esbuild/android-x64@npm:0.21.5"
  conditions: os=android & cpu=x64
  languageName: node
  linkType: hard

"@esbuild/darwin-arm64@npm:0.21.5":
  version: 0.21.5
  resolution: "@esbuild/darwin-arm64@npm:0.21.5"
  conditions: os=darwin & cpu=arm64
  languageName: node
  linkType: hard

"@esbuild/darwin-x64@npm:0.21.5":
  version: 0.21.5
  resolution: "@esbuild/darwin-x64@npm:0.21.5"
  conditions: os=darwin & cpu=x64
  languageName: node
  linkType: hard

"@esbuild/freebsd-arm64@npm:0.21.5":
  version: 0.21.5
  resolution: "@esbuild/freebsd-arm64@npm:0.21.5"
  conditions: os=freebsd & cpu=arm64
  languageName: node
  linkType: hard

"@esbuild/freebsd-x64@npm:0.21.5":
  version: 0.21.5
  resolution: "@esbuild/freebsd-x64@npm:0.21.5"
  conditions: os=freebsd & cpu=x64
  languageName: node
  linkType: hard

"@esbuild/linux-arm64@npm:0.21.5":
  version: 0.21.5
  resolution: "@esbuild/linux-arm64@npm:0.21.5"
  conditions: os=linux & cpu=arm64
  languageName: node
  linkType: hard

"@esbuild/linux-arm@npm:0.21.5":
  version: 0.21.5
  resolution: "@esbuild/linux-arm@npm:0.21.5"
  conditions: os=linux & cpu=arm
  languageName: node
  linkType: hard

"@esbuild/linux-ia32@npm:0.21.5":
  version: 0.21.5
  resolution: "@esbuild/linux-ia32@npm:0.21.5"
  conditions: os=linux & cpu=ia32
  languageName: node
  linkType: hard

"@esbuild/linux-loong64@npm:0.21.5":
  version: 0.21.5
  resolution: "@esbuild/linux-loong64@npm:0.21.5"
  conditions: os=linux & cpu=loong64
  languageName: node
  linkType: hard

"@esbuild/linux-mips64el@npm:0.21.5":
  version: 0.21.5
  resolution: "@esbuild/linux-mips64el@npm:0.21.5"
  conditions: os=linux & cpu=mips64el
  languageName: node
  linkType: hard

"@esbuild/linux-ppc64@npm:0.21.5":
  version: 0.21.5
  resolution: "@esbuild/linux-ppc64@npm:0.21.5"
  conditions: os=linux & cpu=ppc64
  languageName: node
  linkType: hard

"@esbuild/linux-riscv64@npm:0.21.5":
  version: 0.21.5
  resolution: "@esbuild/linux-riscv64@npm:0.21.5"
  conditions: os=linux & cpu=riscv64
  languageName: node
  linkType: hard

"@esbuild/linux-s390x@npm:0.21.5":
  version: 0.21.5
  resolution: "@esbuild/linux-s390x@npm:0.21.5"
  conditions: os=linux & cpu=s390x
  languageName: node
  linkType: hard

"@esbuild/linux-x64@npm:0.21.5":
  version: 0.21.5
  resolution: "@esbuild/linux-x64@npm:0.21.5"
  conditions: os=linux & cpu=x64
  languageName: node
  linkType: hard

"@esbuild/netbsd-x64@npm:0.21.5":
  version: 0.21.5
  resolution: "@esbuild/netbsd-x64@npm:0.21.5"
  conditions: os=netbsd & cpu=x64
  languageName: node
  linkType: hard

"@esbuild/openbsd-x64@npm:0.21.5":
  version: 0.21.5
  resolution: "@esbuild/openbsd-x64@npm:0.21.5"
  conditions: os=openbsd & cpu=x64
  languageName: node
  linkType: hard

"@esbuild/sunos-x64@npm:0.21.5":
  version: 0.21.5
  resolution: "@esbuild/sunos-x64@npm:0.21.5"
  conditions: os=sunos & cpu=x64
  languageName: node
  linkType: hard

"@esbuild/win32-arm64@npm:0.21.5":
  version: 0.21.5
  resolution: "@esbuild/win32-arm64@npm:0.21.5"
  conditions: os=win32 & cpu=arm64
  languageName: node
  linkType: hard

"@esbuild/win32-ia32@npm:0.21.5":
  version: 0.21.5
  resolution: "@esbuild/win32-ia32@npm:0.21.5"
  conditions: os=win32 & cpu=ia32
  languageName: node
  linkType: hard

"@esbuild/win32-x64@npm:0.21.5":
  version: 0.21.5
  resolution: "@esbuild/win32-x64@npm:0.21.5"
  conditions: os=win32 & cpu=x64
  languageName: node
  linkType: hard

"@fontsource-variable/inter@npm:^5.1.0":
  version: 5.2.8
  resolution: "@fontsource-variable/inter@npm:5.2.8"
  checksum: 6dcd9796fbc0cbfdfe13fe8b7095e67e0b3e5b9c8ae0ce959f16561b8eae36dfafa78857bed9cfafbff9d20efa97ae4fa45c54a50ccac7de422ae22a624f607e
  languageName: node
  linkType: hard

"@isaacs/fs-minipass@npm:^4.0.0":
  version: 4.0.1
  resolution: "@isaacs/fs-minipass@npm:4.0.1"
  dependencies:
    minipass: ^7.0.4
  checksum: 5d36d289960e886484362d9eb6a51d1ea28baed5f5d0140bbe62b99bac52eaf06cc01c2bc0d3575977962f84f6b2c4387b043ee632216643d4787b0999465bf2
  languageName: node
  linkType: hard

"@jridgewell/gen-mapping@npm:^0.3.12, @jridgewell/gen-mapping@npm:^0.3.5":
  version: 0.3.13
  resolution: "@jridgewell/gen-mapping@npm:0.3.13"
  dependencies:
    "@jridgewell/sourcemap-codec": ^1.5.0
    "@jridgewell/trace-mapping": ^0.3.24
  checksum: f2105acefc433337145caa3c84bba286de954f61c0bc46279bbd85a9e6a02871089717fa060413cfb6a9d44189fe8313b2d1cabf3a2eb3284d208fd5f75c54ff
  languageName: node
  linkType: hard

"@jridgewell/remapping@npm:^2.3.5":
  version: 2.3.5
  resolution: "@jridgewell/remapping@npm:2.3.5"
  dependencies:
    "@jridgewell/gen-mapping": ^0.3.5
    "@jridgewell/trace-mapping": ^0.3.24
  checksum: 4a66a7397c3dc9c6b5c14a0024b1f98c5e1d90a0dbc1e5955b5038f2db339904df2a0ee8a66559fafb4fc23ff33700a2639fd40bbdd2e9e82b58b3bdf83738e3
  languageName: node
  linkType: hard

"@jridgewell/resolve-uri@npm:^3.1.0":
  version: 3.1.2
  resolution: "@jridgewell/resolve-uri@npm:3.1.2"
  checksum: 83b85f72c59d1c080b4cbec0fef84528963a1b5db34e4370fa4bd1e3ff64a0d80e0cee7369d11d73c704e0286fb2865b530acac7a871088fbe92b5edf1000870
  languageName: node
  linkType: hard

"@jridgewell/sourcemap-codec@npm:^1.4.14, @jridgewell/sourcemap-codec@npm:^1.5.0":
  version: 1.5.5
  resolution: "@jridgewell/sourcemap-codec@npm:1.5.5"
  checksum: c2e36e67971f719a8a3a85ef5a5f580622437cc723c35d03ebd0c9c0b06418700ef006f58af742791f71f6a4fc68fcfaf1f6a74ec2f9a3332860e9373459dae7
  languageName: node
  linkType: hard

"@jridgewell/trace-mapping@npm:^0.3.24, @jridgewell/trace-mapping@npm:^0.3.28":
  version: 0.3.31
  resolution: "@jridgewell/trace-mapping@npm:0.3.31"
  dependencies:
    "@jridgewell/resolve-uri": ^3.1.0
    "@jridgewell/sourcemap-codec": ^1.4.14
  checksum: af8fda2431348ad507fbddf8e25f5d08c79ecc94594061ce402cf41bc5aba1a7b3e59bf0fd70a619b35f33983a3f488ceeba8faf56bff784f98bb5394a8b7d47
  languageName: node
  linkType: hard

"@rolldown/pluginutils@npm:1.0.0-beta.27":
  version: 1.0.0-beta.27
  resolution: "@rolldown/pluginutils@npm:1.0.0-beta.27"
  checksum: b57d8de44534bdbb92e9dda70a29c5b3cb7a13cc3a2efaaf9d27923ca23e2526e9470939fe1d7c6a96623da20aaf96a1517502e1d9a6d4f98fbb544cf502600a
  languageName: node
  linkType: hard

"@rollup/rollup-android-arm-eabi@npm:4.60.2":
  version: 4.60.2
  resolution: "@rollup/rollup-android-arm-eabi@npm:4.60.2"
  conditions: os=android & cpu=arm
  languageName: node
  linkType: hard

"@rollup/rollup-android-arm64@npm:4.60.2":
  version: 4.60.2
  resolution: "@rollup/rollup-android-arm64@npm:4.60.2"
  conditions: os=android & cpu=arm64
  languageName: node
  linkType: hard

"@rollup/rollup-darwin-arm64@npm:4.60.2":
  version: 4.60.2
  resolution: "@rollup/rollup-darwin-arm64@npm:4.60.2"
  conditions: os=darwin & cpu=arm64
  languageName: node
  linkType: hard

"@rollup/rollup-darwin-x64@npm:4.60.2":
  version: 4.60.2
  resolution: "@rollup/rollup-darwin-x64@npm:4.60.2"
  conditions: os=darwin & cpu=x64
  languageName: node
  linkType: hard

"@rollup/rollup-freebsd-arm64@npm:4.60.2":
  version: 4.60.2
  resolution: "@rollup/rollup-freebsd-arm64@npm:4.60.2"
  conditions: os=freebsd & cpu=arm64
  languageName: node
  linkType: hard

"@rollup/rollup-freebsd-x64@npm:4.60.2":
  version: 4.60.2
  resolution: "@rollup/rollup-freebsd-x64@npm:4.60.2"
  conditions: os=freebsd & cpu=x64
  languageName: node
  linkType: hard

"@rollup/rollup-linux-arm-gnueabihf@npm:4.60.2":
  version: 4.60.2
  resolution: "@rollup/rollup-linux-arm-gnueabihf@npm:4.60.2"
  conditions: os=linux & cpu=arm & libc=glibc
  languageName: node
  linkType: hard

"@rollup/rollup-linux-arm-musleabihf@npm:4.60.2":
  version: 4.60.2
  resolution: "@rollup/rollup-linux-arm-musleabihf@npm:4.60.2"
  conditions: os=linux & cpu=arm & libc=musl
  languageName: node
  linkType: hard

"@rollup/rollup-linux-arm64-gnu@npm:4.60.2":
  version: 4.60.2
  resolution: "@rollup/rollup-linux-arm64-gnu@npm:4.60.2"
  conditions: os=linux & cpu=arm64 & libc=glibc
  languageName: node
  linkType: hard

"@rollup/rollup-linux-arm64-musl@npm:4.60.2":
  version: 4.60.2
  resolution: "@rollup/rollup-linux-arm64-musl@npm:4.60.2"
  conditions: os=linux & cpu=arm64 & libc=musl
  languageName: node
  linkType: hard

"@rollup/rollup-linux-loong64-gnu@npm:4.60.2":
  version: 4.60.2
  resolution: "@rollup/rollup-linux-loong64-gnu@npm:4.60.2"
  conditions: os=linux & cpu=loong64 & libc=glibc
  languageName: node
  linkType: hard

"@rollup/rollup-linux-loong64-musl@npm:4.60.2":
  version: 4.60.2
  resolution: "@rollup/rollup-linux-loong64-musl@npm:4.60.2"
  conditions: os=linux & cpu=loong64 & libc=musl
  languageName: node
  linkType: hard

"@rollup/rollup-linux-ppc64-gnu@npm:4.60.2":
  version: 4.60.2
  resolution: "@rollup/rollup-linux-ppc64-gnu@npm:4.60.2"
  conditions: os=linux & cpu=ppc64 & libc=glibc
  languageName: node
  linkType: hard

"@rollup/rollup-linux-ppc64-musl@npm:4.60.2":
  version: 4.60.2
  resolution: "@rollup/rollup-linux-ppc64-musl@npm:4.60.2"
  conditions: os=linux & cpu=ppc64 & libc=musl
  languageName: node
  linkType: hard

"@rollup/rollup-linux-riscv64-gnu@npm:4.60.2":
  version: 4.60.2
  resolution: "@rollup/rollup-linux-riscv64-gnu@npm:4.60.2"
  conditions: os=linux & cpu=riscv64 & libc=glibc
  languageName: node
  linkType: hard

"@rollup/rollup-linux-riscv64-musl@npm:4.60.2":
  version: 4.60.2
  resolution: "@rollup/rollup-linux-riscv64-musl@npm:4.60.2"
  conditions: os=linux & cpu=riscv64 & libc=musl
  languageName: node
  linkType: hard

"@rollup/rollup-linux-s390x-gnu@npm:4.60.2":
  version: 4.60.2
  resolution: "@rollup/rollup-linux-s390x-gnu@npm:4.60.2"
  conditions: os=linux & cpu=s390x & libc=glibc
  languageName: node
  linkType: hard

"@rollup/rollup-linux-x64-gnu@npm:4.60.2":
  version: 4.60.2
  resolution: "@rollup/rollup-linux-x64-gnu@npm:4.60.2"
  conditions: os=linux & cpu=x64 & libc=glibc
  languageName: node
  linkType: hard

"@rollup/rollup-linux-x64-musl@npm:4.60.2":
  version: 4.60.2
  resolution: "@rollup/rollup-linux-x64-musl@npm:4.60.2"
  conditions: os=linux & cpu=x64 & libc=musl
  languageName: node
  linkType: hard

"@rollup/rollup-openbsd-x64@npm:4.60.2":
  version: 4.60.2
  resolution: "@rollup/rollup-openbsd-x64@npm:4.60.2"
  conditions: os=openbsd & cpu=x64
  languageName: node
  linkType: hard

"@rollup/rollup-openharmony-arm64@npm:4.60.2":
  version: 4.60.2
  resolution: "@rollup/rollup-openharmony-arm64@npm:4.60.2"
  conditions: os=openharmony & cpu=arm64
  languageName: node
  linkType: hard

"@rollup/rollup-win32-arm64-msvc@npm:4.60.2":
  version: 4.60.2
  resolution: "@rollup/rollup-win32-arm64-msvc@npm:4.60.2"
  conditions: os=win32 & cpu=arm64
  languageName: node
  linkType: hard

"@rollup/rollup-win32-ia32-msvc@npm:4.60.2":
  version: 4.60.2
  resolution: "@rollup/rollup-win32-ia32-msvc@npm:4.60.2"
  conditions: os=win32 & cpu=ia32
  languageName: node
  linkType: hard

"@rollup/rollup-win32-x64-gnu@npm:4.60.2":
  version: 4.60.2
  resolution: "@rollup/rollup-win32-x64-gnu@npm:4.60.2"
  conditions: os=win32 & cpu=x64
  languageName: node
  linkType: hard

"@rollup/rollup-win32-x64-msvc@npm:4.60.2":
  version: 4.60.2
  resolution: "@rollup/rollup-win32-x64-msvc@npm:4.60.2"
  conditions: os=win32 & cpu=x64
  languageName: node
  linkType: hard

"@types/babel__core@npm:^7.20.5":
  version: 7.20.5
  resolution: "@types/babel__core@npm:7.20.5"
  dependencies:
    "@babel/parser": ^7.20.7
    "@babel/types": ^7.20.7
    "@types/babel__generator": "*"
    "@types/babel__template": "*"
    "@types/babel__traverse": "*"
  checksum: a3226f7930b635ee7a5e72c8d51a357e799d19cbf9d445710fa39ab13804f79ab1a54b72ea7d8e504659c7dfc50675db974b526142c754398d7413aa4bc30845
  languageName: node
  linkType: hard

"@types/babel__generator@npm:*":
  version: 7.27.0
  resolution: "@types/babel__generator@npm:7.27.0"
  dependencies:
    "@babel/types": ^7.0.0
  checksum: e6739cacfa276c1ad38e1d8a6b4b1f816c2c11564e27f558b68151728489aaf0f4366992107ee4ed7615dfa303f6976dedcdce93df2b247116d1bcd1607ee260
  languageName: node
  linkType: hard

"@types/babel__template@npm:*":
  version: 7.4.4
  resolution: "@types/babel__template@npm:7.4.4"
  dependencies:
    "@babel/parser": ^7.1.0
    "@babel/types": ^7.0.0
  checksum: d7a02d2a9b67e822694d8e6a7ddb8f2b71a1d6962dfd266554d2513eefbb205b33ca71a0d163b1caea3981ccf849211f9964d8bd0727124d18ace45aa6c9ae29
  languageName: node
  linkType: hard

"@types/babel__traverse@npm:*":
  version: 7.28.0
  resolution: "@types/babel__traverse@npm:7.28.0"
  dependencies:
    "@babel/types": ^7.28.2
  checksum: e3124e6575b2f70de338eab8a9c704d315a86c46a8e395b6ec78a0157ab7b5fd877289556a57dcf28e4ff3543714e359cc1182d4afc4bcb4f3575a0bbafa0dad
  languageName: node
  linkType: hard

"@types/estree@npm:1.0.8":
  version: 1.0.8
  resolution: "@types/estree@npm:1.0.8"
  checksum: bd93e2e415b6f182ec4da1074e1f36c480f1d26add3e696d54fb30c09bc470897e41361c8fd957bf0985024f8fbf1e6e2aff977d79352ef7eb93a5c6dcff6c11
  languageName: node
  linkType: hard

"@types/prop-types@npm:*":
  version: 15.7.15
  resolution: "@types/prop-types@npm:15.7.15"
  checksum: 31aa2f59b28f24da6fb4f1d70807dae2aedfce090ec63eaf9ea01727a9533ef6eaf017de5bff99fbccad7d1c9e644f52c6c2ba30869465dd22b1a7221c29f356
  languageName: node
  linkType: hard

"@types/react-dom@npm:^18.3.1":
  version: 18.3.7
  resolution: "@types/react-dom@npm:18.3.7"
  peerDependencies:
    "@types/react": ^18.0.0
  checksum: c8b63ec944d2a68992b4dba474003fe55ee1d949c4b9c8fe97eecb2290de23f76acfb670b2f7ceb46a5fc8e46808d1745369b03edda48a7a0cf730eff4c5d315
  languageName: node
  linkType: hard

"@types/react@npm:^18.3.12":
  version: 18.3.28
  resolution: "@types/react@npm:18.3.28"
  dependencies:
    "@types/prop-types": "*"
    csstype: ^3.2.2
  checksum: 9d59fb3def4e712d4f8fa15998791a07f9799462f8d581d17039a9503017bfce3463d57fc737ce1d28d6aa3f482f4a3a5bae5a662d97560a9359aab111556c97
  languageName: node
  linkType: hard

"@vitejs/plugin-react@npm:^4.3.3":
  version: 4.7.0
  resolution: "@vitejs/plugin-react@npm:4.7.0"
  dependencies:
    "@babel/core": ^7.28.0
    "@babel/plugin-transform-react-jsx-self": ^7.27.1
    "@babel/plugin-transform-react-jsx-source": ^7.27.1
    "@rolldown/pluginutils": 1.0.0-beta.27
    "@types/babel__core": ^7.20.5
    react-refresh: ^0.17.0
  peerDependencies:
    vite: ^4.2.0 || ^5.0.0 || ^6.0.0 || ^7.0.0
  checksum: 3e3c4c58f65e8041c4891736613732d572f232bc6b039e74ea00554b94b8010ac246e2f6e099e8b6c474d9c1741e2b166b48fa47fe0093312beefa99a1b13d00
  languageName: node
  linkType: hard

"abbrev@npm:^4.0.0":
  version: 4.0.0
  resolution: "abbrev@npm:4.0.0"
  checksum: d0344b63d28e763f259b4898c41bdc92c08e9d06d0da5617d0bbe4d78244e46daea88c510a2f9472af59b031d9060ec1a999653144e793fd029a59dae2f56dc8
  languageName: node
  linkType: hard

"baseline-browser-mapping@npm:^2.10.12":
  version: 2.10.21
  resolution: "baseline-browser-mapping@npm:2.10.21"
  bin:
    baseline-browser-mapping: dist/cli.cjs
  checksum: 534e122d9ebbdac9f509eb018d2a6d6c9340dd7bdc100da5815b417e9210337906f579ce7239d09689e6c4e3af7329520827a0e332f18556c46724f484878d23
  languageName: node
  linkType: hard

"browserslist@npm:^4.24.0":
  version: 4.28.2
  resolution: "browserslist@npm:4.28.2"
  dependencies:
    baseline-browser-mapping: ^2.10.12
    caniuse-lite: ^1.0.30001782
    electron-to-chromium: ^1.5.328
    node-releases: ^2.0.36
    update-browserslist-db: ^1.2.3
  bin:
    browserslist: cli.js
  checksum: 702cdd3462b5eb6f8a9bb3bf7bdc6d6a4141ced6935bb44edb7f3d40edd66198775f2b4a9178682535391293e04e625ba2b5943546d692f42ea080323cecb25e
  languageName: node
  linkType: hard

"caniuse-lite@npm:^1.0.30001782":
  version: 1.0.30001790
  resolution: "caniuse-lite@npm:1.0.30001790"
  checksum: e3876ecd542c0832c3cb5113beda9812d702ece445b6bc70a061529b3dce0a4e173eb0437322c553372976940b3b0808cd452adc59e5530dd4ad4c3fd770466f
  languageName: node
  linkType: hard

"chownr@npm:^3.0.0":
  version: 3.0.0
  resolution: "chownr@npm:3.0.0"
  checksum: fd73a4bab48b79e66903fe1cafbdc208956f41ea4f856df883d0c7277b7ab29fd33ee65f93b2ec9192fc0169238f2f8307b7735d27c155821d886b84aa97aa8d
  languageName: node
  linkType: hard

"convert-source-map@npm:^2.0.0":
  version: 2.0.0
  resolution: "convert-source-map@npm:2.0.0"
  checksum: 63ae9933be5a2b8d4509daca5124e20c14d023c820258e484e32dc324d34c2754e71297c94a05784064ad27615037ef677e3f0c00469fb55f409d2bb21261035
  languageName: node
  linkType: hard

"csstype@npm:^3.2.2":
  version: 3.2.3
  resolution: "csstype@npm:3.2.3"
  checksum: cb882521b3398958a1ce6ca98c011aec0bde1c77ecaf8a1dd4db3b112a189939beae3b1308243b2fe50fc27eb3edeb0f73a5a4d91d928765dc6d5ecc7bda92ee
  languageName: node
  linkType: hard

"debug@npm:^4.1.0, debug@npm:^4.3.1":
  version: 4.4.3
  resolution: "debug@npm:4.4.3"
  dependencies:
    ms: ^2.1.3
  peerDependenciesMeta:
    supports-color:
      optional: true
  checksum: 4805abd570e601acdca85b6aa3757186084a45cff9b2fa6eee1f3b173caa776b45f478b2a71a572d616d2010cea9211d0ac4a02a610e4c18ac4324bde3760834
  languageName: node
  linkType: hard

"electron-to-chromium@npm:^1.5.328":
  version: 1.5.344
  resolution: "electron-to-chromium@npm:1.5.344"
  checksum: 836baf42653c7abeddb59855be068710d9e1918a03bf98c3d7f49e20eafe708e471edca5b62d74f5ad5ad530245d9d3a4788545833b8f76c1f6752780bafe74c
  languageName: node
  linkType: hard

"env-paths@npm:^2.2.0":
  version: 2.2.1
  resolution: "env-paths@npm:2.2.1"
  checksum: 65b5df55a8bab92229ab2b40dad3b387fad24613263d103a97f91c9fe43ceb21965cd3392b1ccb5d77088021e525c4e0481adb309625d0cb94ade1d1fb8dc17e
  languageName: node
  linkType: hard

"esbuild@npm:^0.21.3":
  version: 0.21.5
  resolution: "esbuild@npm:0.21.5"
  dependencies:
    "@esbuild/aix-ppc64": 0.21.5
    "@esbuild/android-arm": 0.21.5
    "@esbuild/android-arm64": 0.21.5
    "@esbuild/android-x64": 0.21.5
    "@esbuild/darwin-arm64": 0.21.5
    "@esbuild/darwin-x64": 0.21.5
    "@esbuild/freebsd-arm64": 0.21.5
    "@esbuild/freebsd-x64": 0.21.5
    "@esbuild/linux-arm": 0.21.5
    "@esbuild/linux-arm64": 0.21.5
    "@esbuild/linux-ia32": 0.21.5
    "@esbuild/linux-loong64": 0.21.5
    "@esbuild/linux-mips64el": 0.21.5
    "@esbuild/linux-ppc64": 0.21.5
    "@esbuild/linux-riscv64": 0.21.5
    "@esbuild/linux-s390x": 0.21.5
    "@esbuild/linux-x64": 0.21.5
    "@esbuild/netbsd-x64": 0.21.5
    "@esbuild/openbsd-x64": 0.21.5
    "@esbuild/sunos-x64": 0.21.5
    "@esbuild/win32-arm64": 0.21.5
    "@esbuild/win32-ia32": 0.21.5
    "@esbuild/win32-x64": 0.21.5
  dependenciesMeta:
    "@esbuild/aix-ppc64":
      optional: true
    "@esbuild/android-arm":
      optional: true
    "@esbuild/android-arm64":
      optional: true
    "@esbuild/android-x64":
      optional: true
    "@esbuild/darwin-arm64":
      optional: true
    "@esbuild/darwin-x64":
      optional: true
    "@esbuild/freebsd-arm64":
      optional: true
    "@esbuild/freebsd-x64":
      optional: true
    "@esbuild/linux-arm":
      optional: true
    "@esbuild/linux-arm64":
      optional: true
    "@esbuild/linux-ia32":
      optional: true
    "@esbuild/linux-loong64":
      optional: true
    "@esbuild/linux-mips64el":
      optional: true
    "@esbuild/linux-ppc64":
      optional: true
    "@esbuild/linux-riscv64":
      optional: true
    "@esbuild/linux-s390x":
      optional: true
    "@esbuild/linux-x64":
      optional: true
    "@esbuild/netbsd-x64":
      optional: true
    "@esbuild/openbsd-x64":
      optional: true
    "@esbuild/sunos-x64":
      optional: true
    "@esbuild/win32-arm64":
      optional: true
    "@esbuild/win32-ia32":
      optional: true
    "@esbuild/win32-x64":
      optional: true
  bin:
    esbuild: bin/esbuild
  checksum: 2911c7b50b23a9df59a7d6d4cdd3a4f85855787f374dce751148dbb13305e0ce7e880dde1608c2ab7a927fc6cec3587b80995f7fc87a64b455f8b70b55fd8ec1
  languageName: node
  linkType: hard

"escalade@npm:^3.2.0":
  version: 3.2.0
  resolution: "escalade@npm:3.2.0"
  checksum: 47b029c83de01b0d17ad99ed766347b974b0d628e848de404018f3abee728e987da0d2d370ad4574aa3d5b5bfc368754fd085d69a30f8e75903486ec4b5b709e
  languageName: node
  linkType: hard

"exponential-backoff@npm:^3.1.1":
  version: 3.1.3
  resolution: "exponential-backoff@npm:3.1.3"
  checksum: 471fdb70fd3d2c08a74a026973bdd4105b7832911f610ca67bbb74e39279411c1eed2f2a110c9d41c2edd89459ba58fdaba1c174beed73e7a42d773882dcff82
  languageName: node
  linkType: hard

"fdir@npm:^6.5.0":
  version: 6.5.0
  resolution: "fdir@npm:6.5.0"
  peerDependencies:
    picomatch: ^3 || ^4
  peerDependenciesMeta:
    picomatch:
      optional: true
  checksum: bd537daa9d3cd53887eed35efa0eab2dbb1ca408790e10e024120e7a36c6e9ae2b33710cb8381e35def01bc9c1d7eaba746f886338413e68ff6ebaee07b9a6e8
  languageName: node
  linkType: hard

"fsevents@npm:~2.3.2, fsevents@npm:~2.3.3":
  version: 2.3.3
  resolution: "fsevents@npm:2.3.3"
  dependencies:
    node-gyp: latest
  checksum: 11e6ea6fea15e42461fc55b4b0e4a0a3c654faa567f1877dbd353f39156f69def97a69936d1746619d656c4b93de2238bf731f6085a03a50cabf287c9d024317
  conditions: os=darwin
  languageName: node
  linkType: hard

"fsevents@patch:fsevents@~2.3.2#~builtin<compat/fsevents>, fsevents@patch:fsevents@~2.3.3#~builtin<compat/fsevents>":
  version: 2.3.3
  resolution: "fsevents@patch:fsevents@npm%3A2.3.3#~builtin<compat/fsevents>::version=2.3.3&hash=18f3a7"
  dependencies:
    node-gyp: latest
  conditions: os=darwin
  languageName: node
  linkType: hard

"gantelo@workspace:.":
  version: 0.0.0-use.local
  resolution: "gantelo@workspace:."
  dependencies:
    "@fontsource-variable/inter": ^5.1.0
    "@types/react": ^18.3.12
    "@types/react-dom": ^18.3.1
    "@vitejs/plugin-react": ^4.3.3
    react: ^18.3.1
    react-dom: ^18.3.1
    typescript: ^5.6.3
    vite: ^5.4.10
  languageName: unknown
  linkType: soft

"gensync@npm:^1.0.0-beta.2":
  version: 1.0.0-beta.2
  resolution: "gensync@npm:1.0.0-beta.2"
  checksum: a7437e58c6be12aa6c90f7730eac7fa9833dc78872b4ad2963d2031b00a3367a93f98aec75f9aaac7220848e4026d67a8655e870b24f20a543d103c0d65952ec
  languageName: node
  linkType: hard

"graceful-fs@npm:^4.2.6":
  version: 4.2.11
  resolution: "graceful-fs@npm:4.2.11"
  checksum: ac85f94da92d8eb6b7f5a8b20ce65e43d66761c55ce85ac96df6865308390da45a8d3f0296dd3a663de65d30ba497bd46c696cc1e248c72b13d6d567138a4fc7
  languageName: node
  linkType: hard

"isexe@npm:^4.0.0":
  version: 4.0.0
  resolution: "isexe@npm:4.0.0"
  checksum: 2ead327ef596042ef9c9ec5f236b316acfaedb87f4bb61b3c3d574fb2e9c8a04b67305e04733bde52c24d9622fdebd3270aadb632adfbf9cadef88fe30f479e5
  languageName: node
  linkType: hard

"js-tokens@npm:^3.0.0 || ^4.0.0, js-tokens@npm:^4.0.0":
  version: 4.0.0
  resolution: "js-tokens@npm:4.0.0"
  checksum: 8a95213a5a77deb6cbe94d86340e8d9ace2b93bc367790b260101d2f36a2eaf4e4e22d9fa9cf459b38af3a32fb4190e638024cf82ec95ef708680e405ea7cc78
  languageName: node
  linkType: hard

"jsesc@npm:^3.0.2":
  version: 3.1.0
  resolution: "jsesc@npm:3.1.0"
  bin:
    jsesc: bin/jsesc
  checksum: 19c94095ea026725540c0d29da33ab03144f6bcf2d4159e4833d534976e99e0c09c38cefa9a575279a51fc36b31166f8d6d05c9fe2645d5f15851d690b41f17f
  languageName: node
  linkType: hard

"json5@npm:^2.2.3":
  version: 2.2.3
  resolution: "json5@npm:2.2.3"
  bin:
    json5: lib/cli.js
  checksum: 2a7436a93393830bce797d4626275152e37e877b265e94ca69c99e3d20c2b9dab021279146a39cdb700e71b2dd32a4cebd1514cd57cee102b1af906ce5040349
  languageName: node
  linkType: hard

"loose-envify@npm:^1.1.0":
  version: 1.4.0
  resolution: "loose-envify@npm:1.4.0"
  dependencies:
    js-tokens: ^3.0.0 || ^4.0.0
  bin:
    loose-envify: cli.js
  checksum: 6517e24e0cad87ec9888f500c5b5947032cdfe6ef65e1c1936a0c48a524b81e65542c9c3edc91c97d5bddc806ee2a985dbc79be89215d613b1de5db6d1cfe6f4
  languageName: node
  linkType: hard

"lru-cache@npm:^5.1.1":
  version: 5.1.1
  resolution: "lru-cache@npm:5.1.1"
  dependencies:
    yallist: ^3.0.2
  checksum: c154ae1cbb0c2206d1501a0e94df349653c92c8cbb25236d7e85190bcaf4567a03ac6eb43166fabfa36fd35623694da7233e88d9601fbf411a9a481d85dbd2cb
  languageName: node
  linkType: hard

"minipass@npm:^7.0.4, minipass@npm:^7.1.2":
  version: 7.1.3
  resolution: "minipass@npm:7.1.3"
  checksum: 2ede17c0bf8fec499be3360fd07f0ec7666189e3907320a9b653f1530cf84af98928c5b12d80bfb75f321833bf2e97785b940540213ebdafe97a5f10327e664d
  languageName: node
  linkType: hard

"minizlib@npm:^3.1.0":
  version: 3.1.0
  resolution: "minizlib@npm:3.1.0"
  dependencies:
    minipass: ^7.1.2
  checksum: a15e6f0128f514b7d41a1c68ce531155447f4669e32d279bba1c1c071ef6c2abd7e4d4579bb59ccc2ed1531346749665968fdd7be8d83eb6b6ae2fe1f3d370a7
  languageName: node
  linkType: hard

"ms@npm:^2.1.3":
  version: 2.1.3
  resolution: "ms@npm:2.1.3"
  checksum: aa92de608021b242401676e35cfa5aa42dd70cbdc082b916da7fb925c542173e36bce97ea3e804923fe92c0ad991434e4a38327e15a1b5b5f945d66df615ae6d
  languageName: node
  linkType: hard

"nanoid@npm:^3.3.11":
  version: 3.3.11
  resolution: "nanoid@npm:3.3.11"
  bin:
    nanoid: bin/nanoid.cjs
  checksum: 3be20d8866a57a6b6d218e82549711c8352ed969f9ab3c45379da28f405363ad4c9aeb0b39e9abc101a529ca65a72ff9502b00bf74a912c4b64a9d62dfd26c29
  languageName: node
  linkType: hard

"node-gyp@npm:latest":
  version: 12.3.0
  resolution: "node-gyp@npm:12.3.0"
  dependencies:
    env-paths: ^2.2.0
    exponential-backoff: ^3.1.1
    graceful-fs: ^4.2.6
    nopt: ^9.0.0
    proc-log: ^6.0.0
    semver: ^7.3.5
    tar: ^7.5.4
    tinyglobby: ^0.2.12
    undici: ^6.25.0
    which: ^6.0.0
  bin:
    node-gyp: bin/node-gyp.js
  checksum: b02e8776908a83f25b8df88f0b79c46b425f9b7f442ebe3c4a50b9820128c1b44df6b386214c73d509964995d820edbda94bb0c811b6b60a686231afb699acf7
  languageName: node
  linkType: hard

"node-releases@npm:^2.0.36":
  version: 2.0.38
  resolution: "node-releases@npm:2.0.38"
  checksum: fe5af7b5928d06783534b38d0c55e3467b719a8a53acc2fd15f7f2d2ef4cedb38ae411cce59e2c10027827650c81897c41045e742131b9b5e4d118ce1b307025
  languageName: node
  linkType: hard

"nopt@npm:^9.0.0":
  version: 9.0.0
  resolution: "nopt@npm:9.0.0"
  dependencies:
    abbrev: ^4.0.0
  bin:
    nopt: bin/nopt.js
  checksum: 7a5d9ab0629eaec1944a95438cc4efa6418ed2834aa8eb21a1bea579a7d8ac3e30120131855376a96ef59ab0e23ad8e0bc94d3349770a95e5cb7119339f7c7fb
  languageName: node
  linkType: hard

"picocolors@npm:^1.1.1":
  version: 1.1.1
  resolution: "picocolors@npm:1.1.1"
  checksum: e1cf46bf84886c79055fdfa9dcb3e4711ad259949e3565154b004b260cd356c5d54b31a1437ce9782624bf766272fe6b0154f5f0c744fb7af5d454d2b60db045
  languageName: node
  linkType: hard

"picomatch@npm:^4.0.4":
  version: 4.0.4
  resolution: "picomatch@npm:4.0.4"
  checksum: 76b387b5157951422fa6049a96bdd1695e39dd126cd99df34d343638dc5cdb8bcdc83fff288c23eddcf7c26657c35e3173d4d5f488c4f28b889b314472e0a662
  languageName: node
  linkType: hard

"postcss@npm:^8.4.43":
  version: 8.5.10
  resolution: "postcss@npm:8.5.10"
  dependencies:
    nanoid: ^3.3.11
    picocolors: ^1.1.1
    source-map-js: ^1.2.1
  checksum: 9af9cd7f2f0d4b8456f6710e48d586328433509b695911fda942c24ac4db4e62c6fed8c6c6d8c8258326285f669494c2c36a4ff84aa160f0586eb545e5258bf5
  languageName: node
  linkType: hard

"proc-log@npm:^6.0.0":
  version: 6.1.0
  resolution: "proc-log@npm:6.1.0"
  checksum: ac450ff8244e95b0c9935b52d629fef92ae69b7e39aea19972a8234259614d644402dd62ce9cb094f4a637d8a4514cba90c1456ad785a40ad5b64d502875a817
  languageName: node
  linkType: hard

"react-dom@npm:^18.3.1":
  version: 18.3.1
  resolution: "react-dom@npm:18.3.1"
  dependencies:
    loose-envify: ^1.1.0
    scheduler: ^0.23.2
  peerDependencies:
    react: ^18.3.1
  checksum: 298954ecd8f78288dcaece05e88b570014d8f6dce5db6f66e6ee91448debeb59dcd31561dddb354eee47e6c1bb234669459060deb238ed0213497146e555a0b9
  languageName: node
  linkType: hard

"react-refresh@npm:^0.17.0":
  version: 0.17.0
  resolution: "react-refresh@npm:0.17.0"
  checksum: e9d23a70543edde879263976d7909cd30c6f698fa372a1240142cf7c8bf99e0396378b9c07c2d39c3a10261d7ba07dc49f990cd8f1ac7b88952e99040a0be5e9
  languageName: node
  linkType: hard

"react@npm:^18.3.1":
  version: 18.3.1
  resolution: "react@npm:18.3.1"
  dependencies:
    loose-envify: ^1.1.0
  checksum: a27bcfa8ff7c15a1e50244ad0d0c1cb2ad4375eeffefd266a64889beea6f6b64c4966c9b37d14ee32d6c9fcd5aa6ba183b6988167ab4d127d13e7cb5b386a376
  languageName: node
  linkType: hard

"rollup@npm:^4.20.0":
  version: 4.60.2
  resolution: "rollup@npm:4.60.2"
  dependencies:
    "@rollup/rollup-android-arm-eabi": 4.60.2
    "@rollup/rollup-android-arm64": 4.60.2
    "@rollup/rollup-darwin-arm64": 4.60.2
    "@rollup/rollup-darwin-x64": 4.60.2
    "@rollup/rollup-freebsd-arm64": 4.60.2
    "@rollup/rollup-freebsd-x64": 4.60.2
    "@rollup/rollup-linux-arm-gnueabihf": 4.60.2
    "@rollup/rollup-linux-arm-musleabihf": 4.60.2
    "@rollup/rollup-linux-arm64-gnu": 4.60.2
    "@rollup/rollup-linux-arm64-musl": 4.60.2
    "@rollup/rollup-linux-loong64-gnu": 4.60.2
    "@rollup/rollup-linux-loong64-musl": 4.60.2
    "@rollup/rollup-linux-ppc64-gnu": 4.60.2
    "@rollup/rollup-linux-ppc64-musl": 4.60.2
    "@rollup/rollup-linux-riscv64-gnu": 4.60.2
    "@rollup/rollup-linux-riscv64-musl": 4.60.2
    "@rollup/rollup-linux-s390x-gnu": 4.60.2
    "@rollup/rollup-linux-x64-gnu": 4.60.2
    "@rollup/rollup-linux-x64-musl": 4.60.2
    "@rollup/rollup-openbsd-x64": 4.60.2
    "@rollup/rollup-openharmony-arm64": 4.60.2
    "@rollup/rollup-win32-arm64-msvc": 4.60.2
    "@rollup/rollup-win32-ia32-msvc": 4.60.2
    "@rollup/rollup-win32-x64-gnu": 4.60.2
    "@rollup/rollup-win32-x64-msvc": 4.60.2
    "@types/estree": 1.0.8
    fsevents: ~2.3.2
  dependenciesMeta:
    "@rollup/rollup-android-arm-eabi":
      optional: true
    "@rollup/rollup-android-arm64":
      optional: true
    "@rollup/rollup-darwin-arm64":
      optional: true
    "@rollup/rollup-darwin-x64":
      optional: true
    "@rollup/rollup-freebsd-arm64":
      optional: true
    "@rollup/rollup-freebsd-x64":
      optional: true
    "@rollup/rollup-linux-arm-gnueabihf":
      optional: true
    "@rollup/rollup-linux-arm-musleabihf":
      optional: true
    "@rollup/rollup-linux-arm64-gnu":
      optional: true
    "@rollup/rollup-linux-arm64-musl":
      optional: true
    "@rollup/rollup-linux-loong64-gnu":
      optional: true
    "@rollup/rollup-linux-loong64-musl":
      optional: true
    "@rollup/rollup-linux-ppc64-gnu":
      optional: true
    "@rollup/rollup-linux-ppc64-musl":
      optional: true
    "@rollup/rollup-linux-riscv64-gnu":
      optional: true
    "@rollup/rollup-linux-riscv64-musl":
      optional: true
    "@rollup/rollup-linux-s390x-gnu":
      optional: true
    "@rollup/rollup-linux-x64-gnu":
      optional: true
    "@rollup/rollup-linux-x64-musl":
      optional: true
    "@rollup/rollup-openbsd-x64":
      optional: true
    "@rollup/rollup-openharmony-arm64":
      optional: true
    "@rollup/rollup-win32-arm64-msvc":
      optional: true
    "@rollup/rollup-win32-ia32-msvc":
      optional: true
    "@rollup/rollup-win32-x64-gnu":
      optional: true
    "@rollup/rollup-win32-x64-msvc":
      optional: true
    fsevents:
      optional: true
  bin:
    rollup: dist/bin/rollup
  checksum: 3198eda8cd731e7b6acb57a08de6b3502fa3992875c72a003e1e79b0e26a8e8830c9f95c2a98b93a0492a46867736d8c030782ac57a01d2deb04f9eb98717bea
  languageName: node
  linkType: hard

"scheduler@npm:^0.23.2":
  version: 0.23.2
  resolution: "scheduler@npm:0.23.2"
  dependencies:
    loose-envify: ^1.1.0
  checksum: 3e82d1f419e240ef6219d794ff29c7ee415fbdc19e038f680a10c067108e06284f1847450a210b29bbaf97b9d8a97ced5f624c31c681248ac84c80d56ad5a2c4
  languageName: node
  linkType: hard

"semver@npm:^6.3.1":
  version: 6.3.1
  resolution: "semver@npm:6.3.1"
  bin:
    semver: bin/semver.js
  checksum: ae47d06de28836adb9d3e25f22a92943477371292d9b665fb023fae278d345d508ca1958232af086d85e0155aee22e313e100971898bbb8d5d89b8b1d4054ca2
  languageName: node
  linkType: hard

"semver@npm:^7.3.5":
  version: 7.7.4
  resolution: "semver@npm:7.7.4"
  bin:
    semver: bin/semver.js
  checksum: 9b4a6a58e98b9723fafcafa393c9d4e8edefaa60b8dfbe39e30892a3604cf1f45f52df9cfb1ae1a22b44c8b3d57fec8a9bb7b3e1645431587cb272399ede152e
  languageName: node
  linkType: hard

"source-map-js@npm:^1.2.1":
  version: 1.2.1
  resolution: "source-map-js@npm:1.2.1"
  checksum: 4eb0cd997cdf228bc253bcaff9340afeb706176e64868ecd20efbe6efea931465f43955612346d6b7318789e5265bdc419bc7669c1cebe3db0eb255f57efa76b
  languageName: node
  linkType: hard

"tar@npm:^7.5.4":
  version: 7.5.13
  resolution: "tar@npm:7.5.13"
  dependencies:
    "@isaacs/fs-minipass": ^4.0.0
    chownr: ^3.0.0
    minipass: ^7.1.2
    minizlib: ^3.1.0
    yallist: ^5.0.0
  checksum: adcc2a9179dab1b36ecb26575e698d2df8491a1df2cc83e2a0fdd8eaefd076da60dd2e20383a37760b5790bee34e9291aa2b2a9b3deef37ff03c1046219e5df7
  languageName: node
  linkType: hard

"tinyglobby@npm:^0.2.12":
  version: 0.2.16
  resolution: "tinyglobby@npm:0.2.16"
  dependencies:
    fdir: ^6.5.0
    picomatch: ^4.0.4
  checksum: db9d22ce1deb1095720a683c492cd5e80da0f71fed21ed697e2752f6f298edd8a1249dab197c86a26f001c180594a81bf532400fe519791ed2a2cb57b03bc337
  languageName: node
  linkType: hard

"typescript@npm:^5.6.3":
  version: 5.9.3
  resolution: "typescript@npm:5.9.3"
  bin:
    tsc: bin/tsc
    tsserver: bin/tsserver
  checksum: 0d0ffb84f2cd072c3e164c79a2e5a1a1f4f168e84cb2882ff8967b92afe1def6c2a91f6838fb58b168428f9458c57a2ba06a6737711fdd87a256bbe83e9a217f
  languageName: node
  linkType: hard

"typescript@patch:typescript@^5.6.3#~builtin<compat/typescript>":
  version: 5.9.3
  resolution: "typescript@patch:typescript@npm%3A5.9.3#~builtin<compat/typescript>::version=5.9.3&hash=f456af"
  bin:
    tsc: bin/tsc
    tsserver: bin/tsserver
  checksum: 8bb8d86819ac86a498eada254cad7fb69c5f74778506c700c2a712daeaff21d3a6f51fd0d534fe16903cb010d1b74f89437a3d02d4d0ff5ca2ba9a4660de8497
  languageName: node
  linkType: hard

"undici@npm:^6.25.0":
  version: 6.25.0
  resolution: "undici@npm:6.25.0"
  checksum: aed372e1b0f16045696c878e46b03e97dfd1c6dd650fb2355d48adeecc730c990ab15ab2de5a5855dbfe04c9af403a3d4f702234d3e25e72c475d1fb3a72fcfe
  languageName: node
  linkType: hard

"update-browserslist-db@npm:^1.2.3":
  version: 1.2.3
  resolution: "update-browserslist-db@npm:1.2.3"
  dependencies:
    escalade: ^3.2.0
    picocolors: ^1.1.1
  peerDependencies:
    browserslist: ">= 4.21.0"
  bin:
    update-browserslist-db: cli.js
  checksum: 6f209a97ae8eacdd3a1ef2eb365adf49d1e2a757e5b2dd4ac87dc8c99236cbe3e572d3e605a87dd7b538a11751b71d9f93edc47c7405262a293a493d155316cd
  languageName: node
  linkType: hard

"vite@npm:^5.4.10":
  version: 5.4.21
  resolution: "vite@npm:5.4.21"
  dependencies:
    esbuild: ^0.21.3
    fsevents: ~2.3.3
    postcss: ^8.4.43
    rollup: ^4.20.0
  peerDependencies:
    "@types/node": ^18.0.0 || >=20.0.0
    less: "*"
    lightningcss: ^1.21.0
    sass: "*"
    sass-embedded: "*"
    stylus: "*"
    sugarss: "*"
    terser: ^5.4.0
  dependenciesMeta:
    fsevents:
      optional: true
  peerDependenciesMeta:
    "@types/node":
      optional: true
    less:
      optional: true
    lightningcss:
      optional: true
    sass:
      optional: true
    sass-embedded:
      optional: true
    stylus:
      optional: true
    sugarss:
      optional: true
    terser:
      optional: true
  bin:
    vite: bin/vite.js
  checksum: 7177fa03cff6a382f225290c9889a0d0e944d17eab705bcba89b58558a6f7adfa1f47e469b88f42a044a0eb40c12a1bf68b3cb42abb5295d04f9d7d4dd320837
  languageName: node
  linkType: hard

"which@npm:^6.0.0":
  version: 6.0.1
  resolution: "which@npm:6.0.1"
  dependencies:
    isexe: ^4.0.0
  bin:
    node-which: bin/which.js
  checksum: dbea77c7d3058bf6c78bf9659d2dce4d2b57d39a15b826b2af6ac2e5a219b99dc8a831b79fdbc453c0598adb4f3f84cf9c2491fd52beb9f5d2dececcad117f68
  languageName: node
  linkType: hard

"yallist@npm:^3.0.2":
  version: 3.1.1
  resolution: "yallist@npm:3.1.1"
  checksum: 48f7bb00dc19fc635a13a39fe547f527b10c9290e7b3e836b9a8f1ca04d4d342e85714416b3c2ab74949c9c66f9cebb0473e6bc353b79035356103b47641285d
  languageName: node
  linkType: hard

"yallist@npm:^5.0.0":
  version: 5.0.0
  resolution: "yallist@npm:5.0.0"
  checksum: eba51182400b9f35b017daa7f419f434424410691bbc5de4f4240cc830fdef906b504424992700dc047f16b4d99100a6f8b8b11175c193f38008e9c96322b6a5
  languageName: node
  linkType: hard
